
Microsoft Visual Studio Solution File, Format Version 12.00
# Visual Studio 2013
VisualStudioVersion = 12.0.40629.0
MinimumVisualStudioVersion = 10.0.40219.1
Project("{FAE04EC0-301F-11D3-BF4B-00C04F79EFBC}") = "kamifer.LogManager", "kamifer.LogManager\kamifer.LogManager.csproj", "{F066BEFB-2F45-4FB9-9ECD-112932A187C2}"
EndProject
Project("{FAE04EC0-301F-11D3-BF4B-00C04F79EFBC}") = "testing", "testing\testing.csproj", "{C97E11A8-C471-4618-9139-7998229B78E0}"
EndProject
Global
	GlobalSection(SolutionConfigurationPlatforms) = preSolution
		Debug|Any CPU = Debug|Any CPU
		Release|Any CPU = Release|Any CPU
	EndGlobalSection
	GlobalSection(ProjectConfigurationPlatforms) = postSolution
		{F066BEFB-2F45-4FB9-9ECD-112932A187C2}.Debug|Any CPU.ActiveCfg = Debug|Any CPU
		{F066BEFB-2F45-4FB9-9ECD-112932A187C2}.Debug|Any CPU.Build.0 = Debug|Any CPU
		{F066BEFB-2F45-4FB9-9ECD-112932A187C2}.Release|Any CPU.ActiveCfg = Release|Any CPU
		{F066BEFB-2F45-4FB9-9ECD-112932A187C2}.Release|Any CPU.Build.0 = Release|Any CPU
		{C97E11A8-C471-4618-9139-7998229B78E0}.Debug|Any CPU.ActiveCfg = Debug|Any CPU
		{C97E11A8-C471-4618-9139-7998229B78E0}.Debug|Any CPU.Build.0 = Debug|Any CPU
		{C97E11A8-C471-4618-9139-7998229B78E0}.Release|Any CPU.ActiveCfg = Release|Any CPU
		{C97E11A8-C471-4618-9139-7998229B78E0}.Release|Any CPU.Build.0 = Release|Any CPU
	EndGlobalSection
	GlobalSection(SolutionProperties) = preSolution
		HideSolutionNode = FALSE
	EndGlobalSection
EndGlobal
